
Microsoft Visual Studio Solution File, Format Version 12.00
# Visual Studio Version 16
VisualStudioVersion = 16.0.29911.84
MinimumVisualStudioVersion = 10.0.40219.1
Project("{FAE04EC0-301F-11D3-BF4B-00C04F79EFBC}") = "WASAPINETCore", "WASAPINETCore.csproj", "{1E28B207-58CF-486B-87A9-797081109DF3}"
EndProject
Global
	GlobalSection(SolutionConfigurationPlatforms) = preSolution
		Debug|Any CPU = Debug|Any CPU
		Release|Any CPU = Release|Any CPU
	EndGlobalSection
	GlobalSection(ProjectConfigurationPlatforms) = postSolution
		{1E28B207-58CF-486B-87A9-797081109DF3}.Debug|Any CPU.ActiveCfg = Debug|Any CPU
		{1E28B207-58CF-486B-87A9-797081109DF3}.Debug|Any CPU.Build.0 = Debug|Any CPU
		{1E28B207-58CF-486B-87A9-797081109DF3}.Release|Any CPU.ActiveCfg = Release|Any CPU
		{1E28B207-58CF-486B-87A9-797081109DF3}.Release|Any CPU.Build.0 = Release|Any CPU
	EndGlobalSection
	GlobalSection(SolutionProperties) = preSolution
		HideSolutionNode = FALSE
	EndGlobalSection
	GlobalSection(ExtensibilityGlobals) = postSolution
		SolutionGuid = {EED6075C-0BFD-4ECD-9DB8-082FAB72CA5B}
	EndGlobalSection
EndGlobal
